// !$*UTF8*$!
{
	archiveVersion = 1;
	classes = {
	};
	objectVersion = 46;
	objects = {

/* Begin PBXBuildFile section */
		8482164F1E817D2300E38985 /* AppDelegate.swift in Sources */ = {isa = PBXBuildFile; fileRef = 8482164E1E817D2300E38985 /* AppDelegate.swift */; };
		848216511E817D2300E38985 /* ViewController.swift in Sources */ = {isa = PBXBuildFile; fileRef = 848216501E817D2300E38985 /* ViewController.swift */; };
		848216541E817D2300E38985 /* Main.storyboard in Resources */ = {isa = PBXBuildFile; fileRef = 848216521E817D2300E38985 /* Main.storyboard */; };
		848216571E817D2300E38985 /* devmiituo.xcdatamodeld in Sources */ = {isa = PBXBuildFile; fileRef = 848216551E817D2300E38985 /* devmiituo.xcdatamodeld */; };
		848216591E817D2300E38985 /* Assets.xcassets in Resources */ = {isa = PBXBuildFile; fileRef = 848216581E817D2300E38985 /* Assets.xcassets */; };
		8482165C1E817D2300E38985 /* LaunchScreen.storyboard in Resources */ = {isa = PBXBuildFile; fileRef = 8482165A1E817D2300E38985 /* LaunchScreen.storyboard */; };
/* End PBXBuildFile section */

/* Begin PBXFileReference section */
		8482164B1E817D2300E38985 /* devmiituo.app */ = {isa = PBXFileReference; explicitFileType = wrapper.application; includeInIndex = 0; path = devmiituo.app; sourceTree = BUILT_PRODUCTS_DIR; };
		8482164E1E817D2300E38985 /* AppDelegate.swift */ = {isa = PBXFileReference; lastKnownFileType = sourcecode.swift; path = AppDelegate.swift; sourceTree = "<group>"; };
		848216501E817D2300E38985 /* ViewController.swift */ = {isa = PBXFileReference; lastKnownFileType = sourcecode.swift; path = ViewController.swift; sourceTree = "<group>"; };
		848216531E817D2300E38985 /* Base */ = {isa = PBXFileReference; lastKnownFileType = file.storyboard; name = Base; path = Base.lproj/Main.storyboard; sourceTree = "<group>"; };
		848216561E817D2300E38985 /* devmiituo.xcdatamodel */ = {isa = PBXFileReference; lastKnownFileType = wrapper.xcdatamodel; path = devmiituo.xcdatamodel; sourceTree = "<group>"; };
		848216581E817D2300E38985 /* Assets.xcassets */ = {isa = PBXFileReference; lastKnownFileType = folder.assetcatalog; path = Assets.xcassets; sourceTree = "<group>"; };
		8482165B1E817D2300E38985 /* Base */ = {isa = PBXFileReference; lastKnownFileType = file.storyboard; name = Base; path = Base.lproj/LaunchScreen.storyboard; sourceTree = "<group>"; };
		8482165D1E817D2300E38985 /* Info.plist */ = {isa = PBXFileReference; lastKnownFileType = text.plist.xml; path = Info.plist; sourceTree = "<group>"; };
/* End PBXFileReference section */

/* Begin PBXFrameworksBuildPhase section */
		848216481E817D2300E38985 /* Frameworks */ = {
			isa = PBXFrameworksBuildPhase;
			buildActionMask = 2147483647;
			files = (
			);
			runOnlyForDeploymentPostprocessing = 0;
		};
/* End PBXFrameworksBuildPhase section */

/* Begin PBXGroup section */
		848216421E817D2300E38985 = {
			isa = PBXGroup;
			children = (
				8482164D1E817D2300E38985 /* devmiituo */,
				8482164C1E817D2300E38985 /* Products */,
			);
			sourceTree = "<group>";
		};
		8482164C1E817D2300E38985 /* Products */ = {
			isa = PBXGroup;
			children = (
				8482164B1E817D2300E38985 /* devmiituo.app */,
			);
			name = Products;
			sourceTree = "<group>";
		};
		8482164D1E817D2300E38985 /* devmiituo */ = {
			isa = PBXGroup;
			children = (
				8482164E1E817D2300E38985 /* AppDelegate.swift */,
				848216501E817D2300E38985 /* ViewController.swift */,
				848216521E817D2300E38985 /* Main.storyboard */,
				848216581E817D2300E38985 /* Assets.xcassets */,
				8482165A1E817D2300E38985 /* LaunchScreen.storyboard */,
				8482165D1E817D2300E38985 /* Info.plist */,
				848216551E817D2300E38985 /* devmiituo.xcdatamodeld */,
			);
			path = devmiituo;
			sourceTree = "<group>";
		};
/* End PBXGroup section */

/* Begin PBXNativeTarget section */
		8482164A1E817D2300E38985 /* devmiituo */ = {
			isa = PBXNativeTarget;
			buildConfigurationList = 848216601E817D2300E38985 /* Build configuration list for PBXNativeTarget "devmiituo" */;
			buildPhases = (
				848216471E817D2300E38985 /* Sources */,
				848216481E817D2300E38985 /* Frameworks */,
				848216491E817D2300E38985 /* Resources */,
			);
			buildRules = (
			);
			dependencies = (
			);
			name = devmiituo;
			productName = devmiituo;
			productReference = 8482164B1E817D2300E38985 /* devmiituo.app */;
			productType = "com.apple.product-type.application";
		};
/* End PBXNativeTarget section */

/* Begin PBXProject section */
		848216431E817D2300E38985 /* Project object */ = {
			isa = PBXProject;
			attributes = {
				LastSwiftUpdateCheck = 0810;
				LastUpgradeCheck = 0810;
				ORGANIZATIONNAME = VERA;
				TargetAttributes = {
					8482164A1E817D2300E38985 = {
						CreatedOnToolsVersion = 8.1;
						DevelopmentTeam = JZ4S35U8YF;
						ProvisioningStyle = Automatic;
					};
				};
			};
			buildConfigurationList = 848216461E817D2300E38985 /* Build configuration list for PBXProject "devmiituo" */;
			compatibilityVersion = "Xcode 3.2";
			developmentRegion = English;
			hasScannedForEncodings = 0;
			knownRegions = (
				en,
				Base,
			);
			mainGroup = 848216421E817D2300E38985;
			productRefGroup = 8482164C1E817D2300E38985 /* Products */;
			projectDirPath = "";
			projectRoot = "";
			targets = (
				8482164A1E817D2300E38985 /* devmiituo */,
			);
		};
/* End PBXProject section */

/* Begin PBXResourcesBuildPhase section */
		848216491E817D2300E38985 /* Resources */ = {
			isa = PBXResourcesBuildPhase;
			buildActionMask = 2147483647;
			files = (
				8482165C1E817D2300E38985 /* LaunchScreen.storyboard in Resources */,
				848216591E817D2300E38985 /* Assets.xcassets in Resources */,
				848216541E817D2300E38985 /* Main.storyboard in Resources */,
			);
			runOnlyForDeploymentPostprocessing = 0;
		};
/* End PBXResourcesBuildPhase section */

/* Begin PBXSourcesBuildPhase section */
		848216471E817D2300E38985 /* Sources */ = {
			isa = PBXSourcesBuildPhase;
			buildActionMask = 2147483647;
			files = (
				848216571E817D2300E38985 /* devmiituo.xcdatamodeld in Sources */,
				848216511E817D2300E38985 /* ViewController.swift in Sources */,
				8482164F1E817D2300E38985 /* AppDelegate.swift in Sources */,
			);
			runOnlyForDeploymentPostprocessing = 0;
		};
/* End PBXSourcesBuildPhase section */

/* Begin PBXVariantGroup section */
		848216521E817D2300E38985 /* Main.storyboard */ = {
			isa = PBXVariantGroup;
			children = (
				848216531E817D2300E38985 /* Base */,
			);
			name = Main.storyboard;
			sourceTree = "<group>";
		};
		8482165A1E817D2300E38985 /* LaunchScreen.storyboard */ = {
			isa = PBXVariantGroup;
			children = (
				8482165B1E817D2300E38985 /* Base */,
			);
			name = LaunchScreen.storyboard;
			sourceTree = "<group>";
		};
/* End PBXVariantGroup section */

/* Begin XCBuildConfiguration section */
		8482165E1E817D2300E38985 /* Debug */ = {
			isa = XCBuildConfiguration;
			buildSettings = {
				ALWAYS_SEARCH_USER_PATHS = NO;
				CLANG_ANALYZER_NONNULL = YES;
				CLANG_CXX_LANGUAGE_STANDARD = "gnu++0x";
				CLANG_CXX_LIBRARY = "libc++";
				CLANG_ENABLE_MODULES = YES;
				CLANG_ENABLE_OBJC_ARC = YES;
				CLANG_WARN_BOOL_CONVERSION = YES;
				CLANG_WARN_CONSTANT_CONVERSION = YES;
				CLANG_WARN_DIRECT_OBJC_ISA_USAGE = YES_ERROR;
				CLANG_WARN_DOCUMENTATION_COMMENTS = YES;
				CLANG_WARN_EMPTY_BODY = YES;
				CLANG_WARN_ENUM_CONVERSION = YES;
				CLANG_WARN_INFINITE_RECURSION = YES;
				CLANG_WARN_INT_CONVERSION = YES;
				CLANG_WARN_OBJC_ROOT_CLASS = YES_ERROR;
				CLANG_WARN_SUSPICIOUS_MOVES = YES;
				CLANG_WARN_UNREACHABLE_CODE = YES;
				CLANG_WARN__DUPLICATE_METHOD_MATCH = YES;
				"CODE_SIGN_IDENTITY[sdk=iphoneos*]" = "iPhone Developer";
				COPY_PHASE_STRIP = NO;
				DEBUG_INFORMATION_FORMAT = dwarf;
				ENABLE_STRICT_OBJC_MSGSEND = YES;
				ENABLE_TESTABILITY = YES;
				GCC_C_LANGUAGE_STANDARD = gnu99;
				GCC_DYNAMIC_NO_PIC = NO;
				GCC_NO_COMMON_BLOCKS = YES;
				GCC_OPTIMIZATION_LEVEL = 0;
				GCC_PREPROCESSOR_DEFINITIONS = (
					"DEBUG=1",
					"$(inherited)",
				);
				GCC_WARN_64_TO_32_BIT_CONVERSION = YES;
				GCC_WARN_ABOUT_RETURN_TYPE = YES_ERROR;
				GCC_WARN_UNDECLARED_SELECTOR = YES;
				GCC_WARN_UNINITIALIZED_AUTOS = YES_AGGRESSIVE;
				GCC_WARN_UNUSED_FUNCTION = YES;
				GCC_WARN_UNUSED_VARIABLE = YES;
				IPHONEOS_DEPLOYMENT_TARGET = 10.1;
				MTL_ENABLE_DEBUG_INFO = YES;
				ONLY_ACTIVE_ARCH = YES;
				SDKROOT = iphoneos;
				SWIFT_ACTIVE_COMPILATION_CONDITIONS = DEBUG;
				SWIFT_OPTIMIZATION_LEVEL = "-Onone";
			};
			name = Debug;
		};
		8482165F1E817D2300E38985 /* Release */ = {
			isa = XCBuildConfiguration;
			buildSettings = {
				ALWAYS_SEARCH_USER_PATHS = NO;
				CLANG_ANALYZER_NONNULL = YES;
				CLANG_CXX_LANGUAGE_STANDARD = "gnu++0x";
				CLANG_CXX_LIBRARY = "libc++";
				CLANG_ENABLE_MODULES = YES;
				CLANG_ENABLE_OBJC_ARC = YES;
				CLANG_WARN_BOOL_CONVERSION = YES;
				CLANG_WARN_CONSTANT_CONVERSION = YES;
				CLANG_WARN_DIRECT_OBJC_ISA_USAGE = YES_ERROR;
				CLANG_WARN_DOCUMENTATION_COMMENTS = YES;
				CLANG_WARN_EMPTY_BODY = YES;
				CLANG_WARN_ENUM_CONVERSION = YES;
				CLANG_WARN_INFINITE_RECURSION = YES;
				CLANG_WARN_INT_CONVERSION = YES;
				CLANG_WARN_OBJC_ROOT_CLASS = YES_ERROR;
				CLANG_WARN_SUSPICIOUS_MOVES = YES;
				CLANG_WARN_UNREACHABLE_CODE = YES;
				CLANG_WARN__DUPLICATE_METHOD_MATCH = YES;
				"CODE_SIGN_IDENTITY[sdk=iphoneos*]" = "iPhone Developer";
				COPY_PHASE_STRIP = NO;
				DEBUG_INFORMATION_FORMAT = "dwarf-with-dsym";
				ENABLE_NS_ASSERTIONS = NO;
				ENABLE_STRICT_OBJC_MSGSEND = YES;
				GCC_C_LANGUAGE_STANDARD = gnu99;
				GCC_NO_COMMON_BLOCKS = YES;
				GCC_WARN_64_TO_32_BIT_CONVERSION = YES;
				GCC_WARN_ABOUT_RETURN_TYPE = YES_ERROR;
				GCC_WARN_UNDECLARED_SELECTOR = YES;
				GCC_WARN_UNINITIALIZED_AUTOS = YES_AGGRESSIVE;
				GCC_WARN_UNUSED_FUNCTION = YES;
				GCC_WARN_UNUSED_VARIABLE = YES;
				IPHONEOS_DEPLOYMENT_TARGET = 10.1;
				MTL_ENABLE_DEBUG_INFO = NO;
				SDKROOT = iphoneos;
				SWIFT_OPTIMIZATION_LEVEL = "-Owholemodule";
				VALIDATE_PRODUCT = YES;
			};
			name = Release;
		};
		848216611E817D2300E38985 /* Debug */ = {
			isa = XCBuildConfiguration;
			buildSettings = {
				ASSETCATALOG_COMPILER_APPICON_NAME = AppIcon;
				DEVELOPMENT_TEAM = JZ4S35U8YF;
				INFOPLIST_FILE = devmiituo/Info.plist;
				LD_RUNPATH_SEARCH_PATHS = "$(inherited) @executable_path/Frameworks";
				PRODUCT_BUNDLE_IDENTIFIER = com.miituo.devmiituo;
				PRODUCT_NAME = "$(TARGET_NAME)";
				SWIFT_VERSION = 3.0;
			};
			name = Debug;
		};
		848216621E817D2300E38985 /* Release */ = {
			isa = XCBuildConfiguration;
			buildSettings = {
				ASSETCATALOG_COMPILER_APPICON_NAME = AppIcon;
				DEVELOPMENT_TEAM = JZ4S35U8YF;
				INFOPLIST_FILE = devmiituo/Info.plist;
				LD_RUNPATH_SEARCH_PATHS = "$(inherited) @executable_path/Frameworks";
				PRODUCT_BUNDLE_IDENTIFIER = com.miituo.devmiituo;
				PRODUCT_NAME = "$(TARGET_NAME)";
				SWIFT_VERSION = 3.0;
			};
			name = Release;
		};
/* End XCBuildConfiguration section */

/* Begin XCConfigurationList section */
		848216461E817D2300E38985 /* Build configuration list for PBXProject "devmiituo" */ = {
			isa = XCConfigurationList;
			buildConfigurations = (
				8482165E1E817D2300E38985 /* Debug */,
				8482165F1E817D2300E38985 /* Release */,
			);
			defaultConfigurationIsVisible = 0;
			defaultConfigurationName = Release;
		};
		848216601E817D2300E38985 /* Build configuration list for PBXNativeTarget "devmiituo" */ = {
			isa = XCConfigurationList;
			buildConfigurations = (
				848216611E817D2300E38985 /* Debug */,
				848216621E817D2300E38985 /* Release */,
			);
			defaultConfigurationIsVisible = 0;
		};
/* End XCConfigurationList section */

/* Begin XCVersionGroup section */
		848216551E817D2300E38985 /* devmiituo.xcdatamodeld */ = {
			isa = XCVersionGroup;
			children = (
				848216561E817D2300E38985 /* devmiituo.xcdatamodel */,
			);
			currentVersion = 848216561E817D2300E38985 /* devmiituo.xcdatamodel */;
			path = devmiituo.xcdatamodeld;
			sourceTree = "<group>";
			versionGroupType = wrapper.xcdatamodel;
		};
/* End XCVersionGroup section */
	};
	rootObject = 848216431E817D2300E38985 /* Project object */;
}
